
Microsoft Visual Studio Solution File, Format Version 12.00
# Visual Studio 15
VisualStudioVersion = 15.0.28307.438
MinimumVisualStudioVersion = 10.0.40219.1
Project("{FAE04EC0-301F-11D3-BF4B-00C04F79EFBC}") = "LdsMovies", "LdsMovies\LdsMovies.csproj", "{4F2D339E-E698-4A2B-8E4B-E630E2074DD8}"
EndProject
Global
	GlobalSection(SolutionConfigurationPlatforms) = preSolution
		Debug|Any CPU = Debug|Any CPU
		Release|Any CPU = Release|Any CPU
	EndGlobalSection
	GlobalSection(ProjectConfigurationPlatforms) = postSolution
		{4F2D339E-E698-4A2B-8E4B-E630E2074DD8}.Debug|Any CPU.ActiveCfg = Debug|Any CPU
		{4F2D339E-E698-4A2B-8E4B-E630E2074DD8}.Debug|Any CPU.Build.0 = Debug|Any CPU
		{4F2D339E-E698-4A2B-8E4B-E630E2074DD8}.Release|Any CPU.ActiveCfg = Release|Any CPU
		{4F2D339E-E698-4A2B-8E4B-E630E2074DD8}.Release|Any CPU.Build.0 = Release|Any CPU
	EndGlobalSection
	GlobalSection(SolutionProperties) = preSolution
		HideSolutionNode = FALSE
	EndGlobalSection
	GlobalSection(ExtensibilityGlobals) = postSolution
		SolutionGuid = {1AD7DD8D-AF84-4253-83F9-6013AFB6F994}
	EndGlobalSection
EndGlobal
